
Microsoft Visual Studio Solution File, Format Version 12.00
# Visual Studio Version 16
VisualStudioVersion = 16.0.29609.76
MinimumVisualStudioVersion = 10.0.40219.1
Project("{FAE04EC0-301F-11D3-BF4B-00C04F79EFBC}") = "WpfApp13", "WpfApp13\WpfApp13.csproj", "{61B68CD4-D43A-48A0-8394-042077F173C0}"
EndProject
Global
	GlobalSection(SolutionConfigurationPlatforms) = preSolution
		Debug|Any CPU = Debug|Any CPU
		Release|Any CPU = Release|Any CPU
	EndGlobalSection
	GlobalSection(ProjectConfigurationPlatforms) = postSolution
		{61B68CD4-D43A-48A0-8394-042077F173C0}.Debug|Any CPU.ActiveCfg = Debug|Any CPU
		{61B68CD4-D43A-48A0-8394-042077F173C0}.Debug|Any CPU.Build.0 = Debug|Any CPU
		{61B68CD4-D43A-48A0-8394-042077F173C0}.Release|Any CPU.ActiveCfg = Release|Any CPU
		{61B68CD4-D43A-48A0-8394-042077F173C0}.Release|Any CPU.Build.0 = Release|Any CPU
	EndGlobalSection
	GlobalSection(SolutionProperties) = preSolution
		HideSolutionNode = FALSE
	EndGlobalSection
	GlobalSection(ExtensibilityGlobals) = postSolution
		SolutionGuid = {37F41693-F91A-43EF-A88C-626996EA1E0E}
	EndGlobalSection
EndGlobal
